{
  "name": "portfolio_gheraldy",
  "version": "1.0.0",
  "lockfileVersion": 2,
  "requires": true,
  "packages": {
    "": {
      "name": "portfolio_gheraldy",
      "version": "1.0.0",
      "license": "ISC",
      "dependencies": {
        "@vonage/server-sdk": "^3.14.0"
      }
    },
    "node_modules/@types/debug": {
      "version": "4.1.12",
      "resolved": "https://registry.npmjs.org/@types/debug/-/debug-4.1.12.tgz",
      "integrity": "sha512-vIChWdVG3LG1SMxEvI/AK+FWJthlrqlTu7fbrlywTkkaONwk/UAGaULXRlf8vkzFBLVm0zkMdCquhL5aOjhXPQ==",
      "dependencies": {
        "@types/ms": "*"
      }
    },
    "node_modules/@types/lodash": {
      "version": "4.17.1",
      "resolved": "https://registry.npmjs.org/@types/lodash/-/lodash-4.17.1.tgz",
      "integrity": "sha512-X+2qazGS3jxLAIz5JDXDzglAF3KpijdhFxlf/V1+hEsOUc+HnWi81L/uv/EvGuV90WY+7mPGFCUDGfQC3Gj95Q=="
    },
    "node_modules/@types/lodash.omit": {
      "version": "4.5.8",
      "resolved": "https://registry.npmjs.org/@types/lodash.omit/-/lodash.omit-4.5.8.tgz",
      "integrity": "sha512-CeIDttD58jS7R7M4rI8ZNBbV6JGG+BkKQFnWjduFJwTxqo8NdT/xjbjmQc39MVB2TKJ0rvQxddNaIna+W/pQvw==",
      "dependencies": {
        "@types/lodash": "*"
      }
    },
    "node_modules/@types/ms": {
      "version": "0.7.34",
      "resolved": "https://registry.npmjs.org/@types/ms/-/ms-0.7.34.tgz",
      "integrity": "sha512-nG96G3Wp6acyAgJqGasjODb+acrI7KltPiRxzHPXnP3NgI28bpQDRv53olbqGXbfcgF5aiiHmO3xpwEpS5Ld9g=="
    },
    "node_modules/@types/node": {
      "version": "20.12.11",
      "resolved": "https://registry.npmjs.org/@types/node/-/node-20.12.11.tgz",
      "integrity": "sha512-vDg9PZ/zi+Nqp6boSOT7plNuthRugEKixDv5sFTIpkE89MmNtEArAShI4mxuX2+UrLEe9pxC1vm2cjm9YlWbJw==",
      "dependencies": {
        "undici-types": "~5.26.4"
      }
    },
    "node_modules/@types/node-fetch": {
      "version": "2.6.11",
      "resolved": "https://registry.npmjs.org/@types/node-fetch/-/node-fetch-2.6.11.tgz",
      "integrity": "sha512-24xFj9R5+rfQJLRyM56qh+wnVSYhyXC2tkoBndtY0U+vubqNsYXGjufB2nn8Q6gt0LrARwL6UBtMCSVCwl4B1g==",
      "dependencies": {
        "@types/node": "*",
        "form-data": "^4.0.0"
      }
    },
    "node_modules/@vonage/accounts": {
      "version": "1.12.0",
      "resolved": "https://registry.npmjs.org/@vonage/accounts/-/accounts-1.12.0.tgz",
      "integrity": "sha512-pedRZm3VbAJBbWLepCOpXyeyKiYU9SGE6UAxccAXW7Sb82w42VUnZ9YSKELMF6JYpKz/zpzGsRiEF0MnrM2N9g==",
      "dependencies": {
        "@vonage/server-client": "^1.12.0"
      }
    },
    "node_modules/@vonage/applications": {
      "version": "1.12.0",
      "resolved": "https://registry.npmjs.org/@vonage/applications/-/applications-1.12.0.tgz",
      "integrity": "sha512-pgL0/n3OrwgB27rxytuyI3biPvt4IB2vGjUEyCVrZLLlfcCnRODnTJyq/Idtto8tj5CrxKqR2iC67LHDBzMSxQ==",
      "dependencies": {
        "@vonage/auth": "^1.10.0",
        "@vonage/server-client": "^1.12.0"
      }
    },
    "node_modules/@vonage/auth": {
      "version": "1.10.0",
      "resolved": "https://registry.npmjs.org/@vonage/auth/-/auth-1.10.0.tgz",
      "integrity": "sha512-jDBcgDs/wMc3/9rKPqu2oXKndiw8My8qddyVL8foUMSwEDKv46Kkr8H6yNMKtu2sBXcJZVVzDFQFyec2cOl9CQ==",
      "dependencies": {
        "@vonage/jwt": "^1.10.0",
        "debug": "^4.3.4"
      }
    },
    "node_modules/@vonage/conversations": {
      "version": "1.2.0",
      "resolved": "https://registry.npmjs.org/@vonage/conversations/-/conversations-1.2.0.tgz",
      "integrity": "sha512-sWqBQzmj8pxg/eo1lUZWmNnqI6TggoT7Id4jei7CnJQt1LtCv9UgG3Upt4pUiuLvuY1j25vtJTpMq0sRxhdaDQ==",
      "dependencies": {
        "@vonage/messages": "^1.13.0",
        "@vonage/server-client": "^1.12.0",
        "@vonage/users": "^1.6.0",
        "@vonage/voice": "^1.12.0"
      }
    },
    "node_modules/@vonage/jwt": {
      "version": "1.10.0",
      "resolved": "https://registry.npmjs.org/@vonage/jwt/-/jwt-1.10.0.tgz",
      "integrity": "sha512-UI2J0VO3HgF2atKQuAJoocVAjoHltA8KSiUsAZ60teukv+m57ubh3CEhW1TJYJXQTij+0YKdo1/n7pWH+RmWMQ==",
      "dependencies": {
        "debug": "^4.3.4",
        "jsonwebtoken": "^9.0.2",
        "uuid": "^9.0.1"
      }
    },
    "node_modules/@vonage/messages": {
      "version": "1.13.0",
      "resolved": "https://registry.npmjs.org/@vonage/messages/-/messages-1.13.0.tgz",
      "integrity": "sha512-XphtdNc+pxR/hv+V2IxijRRCpk3qnz/2SroCbhgERHrlGg2aN+kYhY/GAsZMdbSHrV9dNEJXMv2G1F8hrUtu0g==",
      "dependencies": {
        "@vonage/auth": "^1.10.0",
        "@vonage/server-client": "^1.12.0",
        "@vonage/vetch": "^1.7.1",
        "debug": "^4.3.4"
      }
    },
    "node_modules/@vonage/number-insights": {
      "version": "1.12.0",
      "resolved": "https://registry.npmjs.org/@vonage/number-insights/-/number-insights-1.12.0.tgz",
      "integrity": "sha512-YjwQJVpWGx5cvvSnDOjX2JT+587rNHD7sR5oP14FOp/hQpV19J3m34PlMyySKTwJI7r8B1aaOnHjvhW4BjHelg==",
      "dependencies": {
        "@vonage/auth": "^1.10.0",
        "@vonage/server-client": "^1.12.0",
        "@vonage/vetch": "^1.7.1"
      }
    },
    "node_modules/@vonage/numbers": {
      "version": "1.12.0",
      "resolved": "https://registry.npmjs.org/@vonage/numbers/-/numbers-1.12.0.tgz",
      "integrity": "sha512-RzLhwYswbF2su8QSPL6j8C10XFUk+cCMSq3cKahJ9Wjg7S9Fg2zZX9AoRX8VqqpLoO2lZlB5p1nk623NMpGcZw==",
      "dependencies": {
        "@types/lodash.omit": "4.5.8",
        "@vonage/auth": "^1.10.0",
        "@vonage/server-client": "^1.12.0",
        "@vonage/vetch": "^1.7.1",
        "lodash.omit": "4.5.0"
      }
    },
    "node_modules/@vonage/pricing": {
      "version": "1.12.0",
      "resolved": "https://registry.npmjs.org/@vonage/pricing/-/pricing-1.12.0.tgz",
      "integrity": "sha512-3Qqp7xYjBvAuLLi0NYdUAnnbgqXcktLe7U5tbqtxVb3f3sFGoOSJKJrqda0vcEvKv/gaKclCqmPGfOaK2vDVug==",
      "dependencies": {
        "@vonage/auth": "^1.10.0",
        "@vonage/server-client": "^1.12.0",
        "@vonage/vetch": "^1.7.1"
      }
    },
    "node_modules/@vonage/redact": {
      "version": "1.11.0",
      "resolved": "https://registry.npmjs.org/@vonage/redact/-/redact-1.11.0.tgz",
      "integrity": "sha512-hY1WjnRbBttLcZfWcCgRS++LhQmc1cdqkcLcq/LHeDr2cky130s0IkCzCFl9IdLGku5Ynm2Jc4FrohyFkLUGpw==",
      "dependencies": {
        "@vonage/server-client": "^1.12.0"
      }
    },
    "node_modules/@vonage/server-client": {
      "version": "1.12.0",
      "resolved": "https://registry.npmjs.org/@vonage/server-client/-/server-client-1.12.0.tgz",
      "integrity": "sha512-+EiVh8dGy7Yp2VRSRsxLYntE008ufM/l0Kuv5cvJePZxsCfU0GhkIwG5R04PdZE+5wQuqvxFhntxBSUuNUXDhw==",
      "dependencies": {
        "@vonage/auth": "^1.10.0",
        "@vonage/vetch": "^1.7.1",
        "debug": "^4.3.4",
        "lodash.camelcase": "^4.3.0",
        "lodash.isobject": "3.0.2",
        "lodash.kebabcase": "^4.1.1",
        "lodash.partial": "^4.2.1",
        "lodash.snakecase": "^4.1.1",
        "node-fetch": "^2"
      }
    },
    "node_modules/@vonage/server-sdk": {
      "version": "3.14.0",
      "resolved": "https://registry.npmjs.org/@vonage/server-sdk/-/server-sdk-3.14.0.tgz",
      "integrity": "sha512-NeLmgd+7s9pnHhVt3wbudteQxpyKBqRbBOzTol99hohTMmvot6XpUvfRDsgXA65iulcIZlEY+KsjkthQZZRndA==",
      "dependencies": {
        "@vonage/accounts": "^1.12.0",
        "@vonage/applications": "^1.12.0",
        "@vonage/auth": "^1.10.0",
        "@vonage/conversations": "^1.2.0",
        "@vonage/messages": "^1.13.0",
        "@vonage/number-insights": "^1.12.0",
        "@vonage/numbers": "^1.12.0",
        "@vonage/pricing": "^1.12.0",
        "@vonage/redact": "^1.11.0",
        "@vonage/server-client": "^1.12.0",
        "@vonage/sms": "^1.13.0",
        "@vonage/users": "^1.6.0",
        "@vonage/verify": "^1.12.0",
        "@vonage/verify2": "^1.11.0",
        "@vonage/video": "^1.16.0",
        "@vonage/voice": "^1.12.0"
      }
    },
    "node_modules/@vonage/sms": {
      "version": "1.13.0",
      "resolved": "https://registry.npmjs.org/@vonage/sms/-/sms-1.13.0.tgz",
      "integrity": "sha512-SWnDWSIdxke+tr9e6tmu+NR/rgfuJtovAipH5D5AAqQ0uxYtGBy8C6ojasGwsmPUzyMJcwMNNLuzjq/ogO2Lrg==",
      "dependencies": {
        "@vonage/server-client": "^1.12.0"
      }
    },
    "node_modules/@vonage/users": {
      "version": "1.6.0",
      "resolved": "https://registry.npmjs.org/@vonage/users/-/users-1.6.0.tgz",
      "integrity": "sha512-5LNXJMfbYSqdWwud2ri4CvYEzxovJ6PHf+I60okn2zknklCYbHxLAsME3aiSFwWjd6Z+Oa1Ekp12tpkhYuZxUQ==",
      "dependencies": {
        "@vonage/server-client": "^1.12.0"
      }
    },
    "node_modules/@vonage/verify": {
      "version": "1.12.0",
      "resolved": "https://registry.npmjs.org/@vonage/verify/-/verify-1.12.0.tgz",
      "integrity": "sha512-gYhZ/rgDtBGO5ONc0o4ZGBREzkl2YxU5WLoiUdI0yGPobRaV8yyiS7Qqoah1klsVdJGwLzPFeh9hdYnldbaQXQ==",
      "dependencies": {
        "@types/lodash.omit": "4.5.9",
        "@vonage/auth": "^1.10.0",
        "@vonage/server-client": "^1.12.0",
        "@vonage/vetch": "^1.7.1",
        "lodash.omit": "^4.5.0"
      }
    },
    "node_modules/@vonage/verify/node_modules/@types/lodash.omit": {
      "version": "4.5.9",
      "resolved": "https://registry.npmjs.org/@types/lodash.omit/-/lodash.omit-4.5.9.tgz",
      "integrity": "sha512-zuAVFLUPJMOzsw6yawshsYGgq2hWUHtsZgeXHZmSFhaQQFC6EQ021uDKHkSjOpNhSvtNSU9165/o3o/Q51GpTw==",
      "dependencies": {
        "@types/lodash": "*"
      }
    },
    "node_modules/@vonage/verify2": {
      "version": "1.11.0",
      "resolved": "https://registry.npmjs.org/@vonage/verify2/-/verify2-1.11.0.tgz",
      "integrity": "sha512-1iFmtMa746CpuwFB3fYquLVtXKkxqt9XX7cfiPFexyou/+64r3iNUcYJucot5ZAd4BmA92cfCVbZfi/YIDrvow==",
      "dependencies": {
        "@vonage/server-client": "^1.12.0"
      }
    },
    "node_modules/@vonage/vetch": {
      "version": "1.7.1",
      "resolved": "https://registry.npmjs.org/@vonage/vetch/-/vetch-1.7.1.tgz",
      "integrity": "sha512-CHEgFgslQHtVBGJMOOu2/36y9p00XH+b2LJgjbS3aybqTq2BdnHkBqRv6Vk1RwT9L53VVd/EcIGI/DfprrLOaA==",
      "dependencies": {
        "@types/node-fetch": "2.6.11",
        "node-fetch": "^2.7"
      }
    },
    "node_modules/@vonage/video": {
      "version": "1.16.0",
      "resolved": "https://registry.npmjs.org/@vonage/video/-/video-1.16.0.tgz",
      "integrity": "sha512-kx+jMbp8ndOdXrouhv/V+rqFAMJEkvQPd/jMKR0MrTUV5cZTnBTvYhKnHZ8qTXUI8TNlV6F4NcUu3PFcYLoVLQ==",
      "dependencies": {
        "@vonage/auth": "^1.10.0",
        "@vonage/jwt": "^1.10.0",
        "@vonage/server-client": "^1.12.0",
        "@vonage/vetch": "^1.7.1"
      }
    },
    "node_modules/@vonage/voice": {
      "version": "1.12.0",
      "resolved": "https://registry.npmjs.org/@vonage/voice/-/voice-1.12.0.tgz",
      "integrity": "sha512-uNGl7LgrL4GPpdxx+uscsq/BUVM3FhPQVySS1o4GtfQPr1gmbJG28gH4uY/PV+Z+7AX1PrzC3Ba+tcPQy99ZUg==",
      "dependencies": {
        "@types/debug": "^4.1.9",
        "@vonage/auth": "^1.10.0",
        "@vonage/server-client": "^1.12.0",
        "@vonage/vetch": "^1.7.1",
        "debug": "^4.3.4",
        "ts-xor": "^1.3.0"
      }
    },
    "node_modules/asynckit": {
      "version": "0.4.0",
      "resolved": "https://registry.npmjs.org/asynckit/-/asynckit-0.4.0.tgz",
      "integrity": "sha512-Oei9OH4tRh0YqU3GxhX79dM/mwVgvbZJaSNaRk+bshkj0S5cfHcgYakreBjrHwatXKbz+IoIdYLxrKim2MjW0Q=="
    },
    "node_modules/buffer-equal-constant-time": {
      "version": "1.0.1",
      "resolved": "https://registry.npmjs.org/buffer-equal-constant-time/-/buffer-equal-constant-time-1.0.1.tgz",
      "integrity": "sha512-zRpUiDwd/xk6ADqPMATG8vc9VPrkck7T07OIx0gnjmJAnHnTVXNQG3vfvWNuiZIkwu9KrKdA1iJKfsfTVxE6NA=="
    },
    "node_modules/combined-stream": {
      "version": "1.0.8",
      "resolved": "https://registry.npmjs.org/combined-stream/-/combined-stream-1.0.8.tgz",
      "integrity": "sha512-FQN4MRfuJeHf7cBbBMJFXhKSDq+2kAArBlmRBvcvFE5BB1HZKXtSFASDhdlz9zOYwxh8lDdnvmMOe/+5cdoEdg==",
      "dependencies": {
        "delayed-stream": "~1.0.0"
      },
      "engines": {
        "node": ">= 0.8"
      }
    },
    "node_modules/debug": {
      "version": "4.3.4",
      "resolved": "https://registry.npmjs.org/debug/-/debug-4.3.4.tgz",
      "integrity": "sha512-PRWFHuSU3eDtQJPvnNY7Jcket1j0t5OuOsFzPPzsekD52Zl8qUfFIPEiswXqIvHWGVHOgX+7G/vCNNhehwxfkQ==",
      "dependencies": {
        "ms": "2.1.2"
      },
      "engines": {
        "node": ">=6.0"
      },
      "peerDependenciesMeta": {
        "supports-color": {
          "optional": true
        }
      }
    },
    "node_modules/delayed-stream": {
      "version": "1.0.0",
      "resolved": "https://registry.npmjs.org/delayed-stream/-/delayed-stream-1.0.0.tgz",
      "integrity": "sha512-ZySD7Nf91aLB0RxL4KGrKHBXl7Eds1DAmEdcoVawXnLD7SDhpNgtuII2aAkg7a7QS41jxPSZ17p4VdGnMHk3MQ==",
      "engines": {
        "node": ">=0.4.0"
      }
    },
    "node_modules/ecdsa-sig-formatter": {
      "version": "1.0.11",
      "resolved": "https://registry.npmjs.org/ecdsa-sig-formatter/-/ecdsa-sig-formatter-1.0.11.tgz",
      "integrity": "sha512-nagl3RYrbNv6kQkeJIpt6NJZy8twLB/2vtz6yN9Z4vRKHN4/QZJIEbqohALSgwKdnksuY3k5Addp5lg8sVoVcQ==",
      "dependencies": {
        "safe-buffer": "^5.0.1"
      }
    },
    "node_modules/form-data": {
      "version": "4.0.0",
      "resolved": "https://registry.npmjs.org/form-data/-/form-data-4.0.0.tgz",
      "integrity": "sha512-ETEklSGi5t0QMZuiXoA/Q6vcnxcLQP5vdugSpuAyi6SVGi2clPPp+xgEhuMaHC+zGgn31Kd235W35f7Hykkaww==",
      "dependencies": {
        "asynckit": "^0.4.0",
        "combined-stream": "^1.0.8",
        "mime-types": "^2.1.12"
      },
      "engines": {
        "node": ">= 6"
      }
    },
    "node_modules/jsonwebtoken": {
      "version": "9.0.2",
      "resolved": "https://registry.npmjs.org/jsonwebtoken/-/jsonwebtoken-9.0.2.tgz",
      "integrity": "sha512-PRp66vJ865SSqOlgqS8hujT5U4AOgMfhrwYIuIhfKaoSCZcirrmASQr8CX7cUg+RMih+hgznrjp99o+W4pJLHQ==",
      "dependencies": {
        "jws": "^3.2.2",
        "lodash.includes": "^4.3.0",
        "lodash.isboolean": "^3.0.3",
        "lodash.isinteger": "^4.0.4",
        "lodash.isnumber": "^3.0.3",
        "lodash.isplainobject": "^4.0.6",
        "lodash.isstring": "^4.0.1",
        "lodash.once": "^4.0.0",
        "ms": "^2.1.1",
        "semver": "^7.5.4"
      },
      "engines": {
        "node": ">=12",
        "npm": ">=6"
      }
    },
    "node_modules/jwa": {
      "version": "1.4.1",
      "resolved": "https://registry.npmjs.org/jwa/-/jwa-1.4.1.tgz",
      "integrity": "sha512-qiLX/xhEEFKUAJ6FiBMbes3w9ATzyk5W7Hvzpa/SLYdxNtng+gcurvrI7TbACjIXlsJyr05/S1oUhZrc63evQA==",
      "dependencies": {
        "buffer-equal-constant-time": "1.0.1",
        "ecdsa-sig-formatter": "1.0.11",
        "safe-buffer": "^5.0.1"
      }
    },
    "node_modules/jws": {
      "version": "3.2.2",
      "resolved": "https://registry.npmjs.org/jws/-/jws-3.2.2.tgz",
      "integrity": "sha512-YHlZCB6lMTllWDtSPHz/ZXTsi8S00usEV6v1tjq8tOUZzw7DpSDWVXjXDre6ed1w/pd495ODpHZYSdkRTsa0HA==",
      "dependencies": {
        "jwa": "^1.4.1",
        "safe-buffer": "^5.0.1"
      }
    },
    "node_modules/lodash.camelcase": {
      "version": "4.3.0",
      "resolved": "https://registry.npmjs.org/lodash.camelcase/-/lodash.camelcase-4.3.0.tgz",
      "integrity": "sha512-TwuEnCnxbc3rAvhf/LbG7tJUDzhqXyFnv3dtzLOPgCG/hODL7WFnsbwktkD7yUV0RrreP/l1PALq/YSg6VvjlA=="
    },
    "node_modules/lodash.includes": {
      "version": "4.3.0",
      "resolved": "https://registry.npmjs.org/lodash.includes/-/lodash.includes-4.3.0.tgz",
      "integrity": "sha512-W3Bx6mdkRTGtlJISOvVD/lbqjTlPPUDTMnlXZFnVwi9NKJ6tiAk6LVdlhZMm17VZisqhKcgzpO5Wz91PCt5b0w=="
    },
    "node_modules/lodash.isboolean": {
      "version": "3.0.3",
      "resolved": "https://registry.npmjs.org/lodash.isboolean/-/lodash.isboolean-3.0.3.tgz",
      "integrity": "sha512-Bz5mupy2SVbPHURB98VAcw+aHh4vRV5IPNhILUCsOzRmsTmSQ17jIuqopAentWoehktxGd9e/hbIXq980/1QJg=="
    },
    "node_modules/lodash.isinteger": {
      "version": "4.0.4",
      "resolved": "https://registry.npmjs.org/lodash.isinteger/-/lodash.isinteger-4.0.4.tgz",
      "integrity": "sha512-DBwtEWN2caHQ9/imiNeEA5ys1JoRtRfY3d7V9wkqtbycnAmTvRRmbHKDV4a0EYc678/dia0jrte4tjYwVBaZUA=="
    },
    "node_modules/lodash.isnumber": {
      "version": "3.0.3",
      "resolved": "https://registry.npmjs.org/lodash.isnumber/-/lodash.isnumber-3.0.3.tgz",
      "integrity": "sha512-QYqzpfwO3/CWf3XP+Z+tkQsfaLL/EnUlXWVkIk5FUPc4sBdTehEqZONuyRt2P67PXAk+NXmTBcc97zw9t1FQrw=="
    },
    "node_modules/lodash.isobject": {
      "version": "3.0.2",
      "resolved": "https://registry.npmjs.org/lodash.isobject/-/lodash.isobject-3.0.2.tgz",
      "integrity": "sha512-3/Qptq2vr7WeJbB4KHUSKlq8Pl7ASXi3UG6CMbBm8WRtXi8+GHm7mKaU3urfpSEzWe2wCIChs6/sdocUsTKJiA=="
    },
    "node_modules/lodash.isplainobject": {
      "version": "4.0.6",
      "resolved": "https://registry.npmjs.org/lodash.isplainobject/-/lodash.isplainobject-4.0.6.tgz",
      "integrity": "sha512-oSXzaWypCMHkPC3NvBEaPHf0KsA5mvPrOPgQWDsbg8n7orZ290M0BmC/jgRZ4vcJ6DTAhjrsSYgdsW/F+MFOBA=="
    },
    "node_modules/lodash.isstring": {
      "version": "4.0.1",
      "resolved": "https://registry.npmjs.org/lodash.isstring/-/lodash.isstring-4.0.1.tgz",
      "integrity": "sha512-0wJxfxH1wgO3GrbuP+dTTk7op+6L41QCXbGINEmD+ny/G/eCqGzxyCsh7159S+mgDDcoarnBw6PC1PS5+wUGgw=="
    },
    "node_modules/lodash.kebabcase": {
      "version": "4.1.1",
      "resolved": "https://registry.npmjs.org/lodash.kebabcase/-/lodash.kebabcase-4.1.1.tgz",
      "integrity": "sha512-N8XRTIMMqqDgSy4VLKPnJ/+hpGZN+PHQiJnSenYqPaVV/NCqEogTnAdZLQiGKhxX+JCs8waWq2t1XHWKOmlY8g=="
    },
    "node_modules/lodash.omit": {
      "version": "4.5.0",
      "resolved": "https://registry.npmjs.org/lodash.omit/-/lodash.omit-4.5.0.tgz",
      "integrity": "sha512-XeqSp49hNGmlkj2EJlfrQFIzQ6lXdNro9sddtQzcJY8QaoC2GO0DT7xaIokHeyM+mIT0mPMlPvkYzg2xCuHdZg=="
    },
    "node_modules/lodash.once": {
      "version": "4.1.1",
      "resolved": "https://registry.npmjs.org/lodash.once/-/lodash.once-4.1.1.tgz",
      "integrity": "sha512-Sb487aTOCr9drQVL8pIxOzVhafOjZN9UU54hiN8PU3uAiSV7lx1yYNpbNmex2PK6dSJoNTSJUUswT651yww3Mg=="
    },
    "node_modules/lodash.partial": {
      "version": "4.2.1",
      "resolved": "https://registry.npmjs.org/lodash.partial/-/lodash.partial-4.2.1.tgz",
      "integrity": "sha512-qsiGr0kiA31O7chhmKSUiEGtxXnYtwmaJF00TPAUW79C5PCfaVeLTUN3sLT+rEPcqZooPtiFcGhnphQzFhkqmg=="
    },
    "node_modules/lodash.snakecase": {
      "version": "4.1.1",
      "resolved": "https://registry.npmjs.org/lodash.snakecase/-/lodash.snakecase-4.1.1.tgz",
      "integrity": "sha512-QZ1d4xoBHYUeuouhEq3lk3Uq7ldgyFXGBhg04+oRLnIz8o9T65Eh+8YdroUwn846zchkA9yDsDl5CVVaV2nqYw=="
    },
    "node_modules/mime-db": {
      "version": "1.52.0",
      "resolved": "https://registry.npmjs.org/mime-db/-/mime-db-1.52.0.tgz",
      "integrity": "sha512-sPU4uV7dYlvtWJxwwxHD0PuihVNiE7TyAbQ5SWxDCB9mUYvOgroQOwYQQOKPJ8CIbE+1ETVlOoK1UC2nU3gYvg==",
      "engines": {
        "node": ">= 0.6"
      }
    },
    "node_modules/mime-types": {
      "version": "2.1.35",
      "resolved": "https://registry.npmjs.org/mime-types/-/mime-types-2.1.35.tgz",
      "integrity": "sha512-ZDY+bPm5zTTF+YpCrAU9nK0UgICYPT0QtT1NZWFv4s++TNkcgVaT0g6+4R2uI4MjQjzysHB1zxuWL50hzaeXiw==",
      "dependencies": {
        "mime-db": "1.52.0"
      },
      "engines": {
        "node": ">= 0.6"
      }
    },
    "node_modules/ms": {
      "version": "2.1.2",
      "resolved": "https://registry.npmjs.org/ms/-/ms-2.1.2.tgz",
      "integrity": "sha512-sGkPx+VjMtmA6MX27oA4FBFELFCZZ4S4XqeGOXCv68tT+jb3vk/RyaKWP0PTKyWtmLSM0b+adUTEvbs1PEaH2w=="
    },
    "node_modules/node-fetch": {
      "version": "2.7.0",
      "resolved": "https://registry.npmjs.org/node-fetch/-/node-fetch-2.7.0.tgz",
      "integrity": "sha512-c4FRfUm/dbcWZ7U+1Wq0AwCyFL+3nt2bEw05wfxSz+DWpWsitgmSgYmy2dQdWyKC1694ELPqMs/YzUSNozLt8A==",
      "dependencies": {
        "whatwg-url": "^5.0.0"
      },
      "engines": {
        "node": "4.x || >=6.0.0"
      },
      "peerDependencies": {
        "encoding": "^0.1.0"
      },
      "peerDependenciesMeta": {
        "encoding": {
          "optional": true
        }
      }
    },
    "node_modules/safe-buffer": {
      "version": "5.2.1",
      "resolved": "https://registry.npmjs.org/safe-buffer/-/safe-buffer-5.2.1.tgz",
      "integrity": "sha512-rp3So07KcdmmKbGvgaNxQSJr7bGVSVk5S9Eq1F+ppbRo70+YeaDxkw5Dd8NPN+GD6bjnYm2VuPuCXmpuYvmCXQ==",
      "funding": [
        {
          "type": "github",
          "url": "https://github.com/sponsors/feross"
        },
        {
          "type": "patreon",
          "url": "https://www.patreon.com/feross"
        },
        {
          "type": "consulting",
          "url": "https://feross.org/support"
        }
      ]
    },
    "node_modules/semver": {
      "version": "7.6.1",
      "resolved": "https://registry.npmjs.org/semver/-/semver-7.6.1.tgz",
      "integrity": "sha512-f/vbBsu+fOiYt+lmwZV0rVwJScl46HppnOA1ZvIuBWKOTlllpyJ3bfVax76/OrhCH38dyxoDIA8K7uB963IYgA==",
      "bin": {
        "semver": "bin/semver.js"
      },
      "engines": {
        "node": ">=10"
      }
    },
    "node_modules/tr46": {
      "version": "0.0.3",
      "resolved": "https://registry.npmjs.org/tr46/-/tr46-0.0.3.tgz",
      "integrity": "sha512-N3WMsuqV66lT30CrXNbEjx4GEwlow3v6rr4mCcv6prnfwhS01rkgyFdjPNBYd9br7LpXV1+Emh01fHnq2Gdgrw=="
    },
    "node_modules/ts-xor": {
      "version": "1.3.0",
      "resolved": "https://registry.npmjs.org/ts-xor/-/ts-xor-1.3.0.tgz",
      "integrity": "sha512-RLXVjliCzc1gfKQFLRpfeD0rrWmjnSTgj7+RFhoq3KRkUYa8LE/TIidYOzM5h+IdFBDSjjSgk9Lto9sdMfDFEA=="
    },
    "node_modules/undici-types": {
      "version": "5.26.5",
      "resolved": "https://registry.npmjs.org/undici-types/-/undici-types-5.26.5.tgz",
      "integrity": "sha512-JlCMO+ehdEIKqlFxk6IfVoAUVmgz7cU7zD/h9XZ0qzeosSHmUJVOzSQvvYSYWXkFXC+IfLKSIffhv0sVZup6pA=="
    },
    "node_modules/uuid": {
      "version": "9.0.1",
      "resolved": "https://registry.npmjs.org/uuid/-/uuid-9.0.1.tgz",
      "integrity": "sha512-b+1eJOlsR9K8HJpow9Ok3fiWOWSIcIzXodvv0rQjVoOVNpWMpxf1wZNpt4y9h10odCNrqnYp1OBzRktckBe3sA==",
      "funding": [
        "https://github.com/sponsors/broofa",
        "https://github.com/sponsors/ctavan"
      ],
      "bin": {
        "uuid": "dist/bin/uuid"
      }
    },
    "node_modules/webidl-conversions": {
      "version": "3.0.1",
      "resolved": "https://registry.npmjs.org/webidl-conversions/-/webidl-conversions-3.0.1.tgz",
      "integrity": "sha512-2JAn3z8AR6rjK8Sm8orRC0h/bcl/DqL7tRPdGZ4I1CjdF+EaMLmYxBHyXuKL849eucPFhvBoxMsflfOb8kxaeQ=="
    },
    "node_modules/whatwg-url": {
      "version": "5.0.0",
      "resolved": "https://registry.npmjs.org/whatwg-url/-/whatwg-url-5.0.0.tgz",
      "integrity": "sha512-saE57nupxk6v3HY35+jzBwYa0rKSy0XR8JSxZPwgLr7ys0IBzhGviA1/TUGJLmSVqs8pb9AnvICXEuOHLprYTw==",
      "dependencies": {
        "tr46": "~0.0.3",
        "webidl-conversions": "^3.0.0"
      }
    }
  },
  "dependencies": {
    "@types/debug": {
      "version": "4.1.12",
      "resolved": "https://registry.npmjs.org/@types/debug/-/debug-4.1.12.tgz",
      "integrity": "sha512-vIChWdVG3LG1SMxEvI/AK+FWJthlrqlTu7fbrlywTkkaONwk/UAGaULXRlf8vkzFBLVm0zkMdCquhL5aOjhXPQ==",
      "requires": {
        "@types/ms": "*"
      }
    },
    "@types/lodash": {
      "version": "4.17.1",
      "resolved": "https://registry.npmjs.org/@types/lodash/-/lodash-4.17.1.tgz",
      "integrity": "sha512-X+2qazGS3jxLAIz5JDXDzglAF3KpijdhFxlf/V1+hEsOUc+HnWi81L/uv/EvGuV90WY+7mPGFCUDGfQC3Gj95Q=="
    },
    "@types/lodash.omit": {
      "version": "4.5.8",
      "resolved": "https://registry.npmjs.org/@types/lodash.omit/-/lodash.omit-4.5.8.tgz",
      "integrity": "sha512-CeIDttD58jS7R7M4rI8ZNBbV6JGG+BkKQFnWjduFJwTxqo8NdT/xjbjmQc39MVB2TKJ0rvQxddNaIna+W/pQvw==",
      "requires": {
        "@types/lodash": "*"
      }
    },
    "@types/ms": {
      "version": "0.7.34",
      "resolved": "https://registry.npmjs.org/@types/ms/-/ms-0.7.34.tgz",
      "integrity": "sha512-nG96G3Wp6acyAgJqGasjODb+acrI7KltPiRxzHPXnP3NgI28bpQDRv53olbqGXbfcgF5aiiHmO3xpwEpS5Ld9g=="
    },
    "@types/node": {
      "version": "20.12.11",
      "resolved": "https://registry.npmjs.org/@types/node/-/node-20.12.11.tgz",
      "integrity": "sha512-vDg9PZ/zi+Nqp6boSOT7plNuthRugEKixDv5sFTIpkE89MmNtEArAShI4mxuX2+UrLEe9pxC1vm2cjm9YlWbJw==",
      "requires": {
        "undici-types": "~5.26.4"
      }
    },
    "@types/node-fetch": {
      "version": "2.6.11",
      "resolved": "https://registry.npmjs.org/@types/node-fetch/-/node-fetch-2.6.11.tgz",
      "integrity": "sha512-24xFj9R5+rfQJLRyM56qh+wnVSYhyXC2tkoBndtY0U+vubqNsYXGjufB2nn8Q6gt0LrARwL6UBtMCSVCwl4B1g==",
      "requires": {
        "@types/node": "*",
        "form-data": "^4.0.0"
      }
    },
    "@vonage/accounts": {
      "version": "1.12.0",
      "resolved": "https://registry.npmjs.org/@vonage/accounts/-/accounts-1.12.0.tgz",
      "integrity": "sha512-pedRZm3VbAJBbWLepCOpXyeyKiYU9SGE6UAxccAXW7Sb82w42VUnZ9YSKELMF6JYpKz/zpzGsRiEF0MnrM2N9g==",
      "requires": {
        "@vonage/server-client": "^1.12.0"
      }
    },
    "@vonage/applications": {
      "version": "1.12.0",
      "resolved": "https://registry.npmjs.org/@vonage/applications/-/applications-1.12.0.tgz",
      "integrity": "sha512-pgL0/n3OrwgB27rxytuyI3biPvt4IB2vGjUEyCVrZLLlfcCnRODnTJyq/Idtto8tj5CrxKqR2iC67LHDBzMSxQ==",
      "requires": {
        "@vonage/auth": "^1.10.0",
        "@vonage/server-client": "^1.12.0"
      }
    },
    "@vonage/auth": {
      "version": "1.10.0",
      "resolved": "https://registry.npmjs.org/@vonage/auth/-/auth-1.10.0.tgz",
      "integrity": "sha512-jDBcgDs/wMc3/9rKPqu2oXKndiw8My8qddyVL8foUMSwEDKv46Kkr8H6yNMKtu2sBXcJZVVzDFQFyec2cOl9CQ==",
      "requires": {
        "@vonage/jwt": "^1.10.0",
        "debug": "^4.3.4"
      }
    },
    "@vonage/conversations": {
      "version": "1.2.0",
      "resolved": "https://registry.npmjs.org/@vonage/conversations/-/conversations-1.2.0.tgz",
      "integrity": "sha512-sWqBQzmj8pxg/eo1lUZWmNnqI6TggoT7Id4jei7CnJQt1LtCv9UgG3Upt4pUiuLvuY1j25vtJTpMq0sRxhdaDQ==",
      "requires": {
        "@vonage/messages": "^1.13.0",
        "@vonage/server-client": "^1.12.0",
        "@vonage/users": "^1.6.0",
        "@vonage/voice": "^1.12.0"
      }
    },
    "@vonage/jwt": {
      "version": "1.10.0",
      "resolved": "https://registry.npmjs.org/@vonage/jwt/-/jwt-1.10.0.tgz",
      "integrity": "sha512-UI2J0VO3HgF2atKQuAJoocVAjoHltA8KSiUsAZ60teukv+m57ubh3CEhW1TJYJXQTij+0YKdo1/n7pWH+RmWMQ==",
      "requires": {
        "debug": "^4.3.4",
        "jsonwebtoken": "^9.0.2",
        "uuid": "^9.0.1"
      }
    },
    "@vonage/messages": {
      "version": "1.13.0",
      "resolved": "https://registry.npmjs.org/@vonage/messages/-/messages-1.13.0.tgz",
      "integrity": "sha512-XphtdNc+pxR/hv+V2IxijRRCpk3qnz/2SroCbhgERHrlGg2aN+kYhY/GAsZMdbSHrV9dNEJXMv2G1F8hrUtu0g==",
      "requires": {
        "@vonage/auth": "^1.10.0",
        "@vonage/server-client": "^1.12.0",
        "@vonage/vetch": "^1.7.1",
        "debug": "^4.3.4"
      }
    },
    "@vonage/number-insights": {
      "version": "1.12.0",
      "resolved": "https://registry.npmjs.org/@vonage/number-insights/-/number-insights-1.12.0.tgz",
      "integrity": "sha512-YjwQJVpWGx5cvvSnDOjX2JT+587rNHD7sR5oP14FOp/hQpV19J3m34PlMyySKTwJI7r8B1aaOnHjvhW4BjHelg==",
      "requires": {
        "@vonage/auth": "^1.10.0",
        "@vonage/server-client": "^1.12.0",
        "@vonage/vetch": "^1.7.1"
      }
    },
    "@vonage/numbers": {
      "version": "1.12.0",
      "resolved": "https://registry.npmjs.org/@vonage/numbers/-/numbers-1.12.0.tgz",
      "integrity": "sha512-RzLhwYswbF2su8QSPL6j8C10XFUk+cCMSq3cKahJ9Wjg7S9Fg2zZX9AoRX8VqqpLoO2lZlB5p1nk623NMpGcZw==",
      "requires": {
        "@types/lodash.omit": "4.5.8",
        "@vonage/auth": "^1.10.0",
        "@vonage/server-client": "^1.12.0",
        "@vonage/vetch": "^1.7.1",
        "lodash.omit": "4.5.0"
      }
    },
    "@vonage/pricing": {
      "version": "1.12.0",
      "resolved": "https://registry.npmjs.org/@vonage/pricing/-/pricing-1.12.0.tgz",
      "integrity": "sha512-3Qqp7xYjBvAuLLi0NYdUAnnbgqXcktLe7U5tbqtxVb3f3sFGoOSJKJrqda0vcEvKv/gaKclCqmPGfOaK2vDVug==",
      "requires": {
        "@vonage/auth": "^1.10.0",
        "@vonage/server-client": "^1.12.0",
        "@vonage/vetch": "^1.7.1"
      }
    },
    "@vonage/redact": {
      "version": "1.11.0",
      "resolved": "https://registry.npmjs.org/@vonage/redact/-/redact-1.11.0.tgz",
      "integrity": "sha512-hY1WjnRbBttLcZfWcCgRS++LhQmc1cdqkcLcq/LHeDr2cky130s0IkCzCFl9IdLGku5Ynm2Jc4FrohyFkLUGpw==",
      "requires": {
        "@vonage/server-client": "^1.12.0"
      }
    },
    "@vonage/server-client": {
      "version": "1.12.0",
      "resolved": "https://registry.npmjs.org/@vonage/server-client/-/server-client-1.12.0.tgz",
      "integrity": "sha512-+EiVh8dGy7Yp2VRSRsxLYntE008ufM/l0Kuv5cvJePZxsCfU0GhkIwG5R04PdZE+5wQuqvxFhntxBSUuNUXDhw==",
      "requires": {
        "@vonage/auth": "^1.10.0",
        "@vonage/vetch": "^1.7.1",
        "debug": "^4.3.4",
        "lodash.camelcase": "^4.3.0",
        "lodash.isobject": "3.0.2",
        "lodash.kebabcase": "^4.1.1",
        "lodash.partial": "^4.2.1",
        "lodash.snakecase": "^4.1.1",
        "node-fetch": "^2"
      }
    },
    "@vonage/server-sdk": {
      "version": "3.14.0",
      "resolved": "https://registry.npmjs.org/@vonage/server-sdk/-/server-sdk-3.14.0.tgz",
      "integrity": "sha512-NeLmgd+7s9pnHhVt3wbudteQxpyKBqRbBOzTol99hohTMmvot6XpUvfRDsgXA65iulcIZlEY+KsjkthQZZRndA==",
      "requires": {
        "@vonage/accounts": "^1.12.0",
        "@vonage/applications": "^1.12.0",
        "@vonage/auth": "^1.10.0",
        "@vonage/conversations": "^1.2.0",
        "@vonage/messages": "^1.13.0",
        "@vonage/number-insights": "^1.12.0",
        "@vonage/numbers": "^1.12.0",
        "@vonage/pricing": "^1.12.0",
        "@vonage/redact": "^1.11.0",
        "@vonage/server-client": "^1.12.0",
        "@vonage/sms": "^1.13.0",
        "@vonage/users": "^1.6.0",
        "@vonage/verify": "^1.12.0",
        "@vonage/verify2": "^1.11.0",
        "@vonage/video": "^1.16.0",
        "@vonage/voice": "^1.12.0"
      }
    },
    "@vonage/sms": {
      "version": "1.13.0",
      "resolved": "https://registry.npmjs.org/@vonage/sms/-/sms-1.13.0.tgz",
      "integrity": "sha512-SWnDWSIdxke+tr9e6tmu+NR/rgfuJtovAipH5D5AAqQ0uxYtGBy8C6ojasGwsmPUzyMJcwMNNLuzjq/ogO2Lrg==",
      "requires": {
        "@vonage/server-client": "^1.12.0"
      }
    },
    "@vonage/users": {
      "version": "1.6.0",
      "resolved": "https://registry.npmjs.org/@vonage/users/-/users-1.6.0.tgz",
      "integrity": "sha512-5LNXJMfbYSqdWwud2ri4CvYEzxovJ6PHf+I60okn2zknklCYbHxLAsME3aiSFwWjd6Z+Oa1Ekp12tpkhYuZxUQ==",
      "requires": {
        "@vonage/server-client": "^1.12.0"
      }
    },
    "@vonage/verify": {
      "version": "1.12.0",
      "resolved": "https://registry.npmjs.org/@vonage/verify/-/verify-1.12.0.tgz",
      "integrity": "sha512-gYhZ/rgDtBGO5ONc0o4ZGBREzkl2YxU5WLoiUdI0yGPobRaV8yyiS7Qqoah1klsVdJGwLzPFeh9hdYnldbaQXQ==",
      "requires": {
        "@types/lodash.omit": "4.5.9",
        "@vonage/auth": "^1.10.0",
        "@vonage/server-client": "^1.12.0",
        "@vonage/vetch": "^1.7.1",
        "lodash.omit": "^4.5.0"
      },
      "dependencies": {
        "@types/lodash.omit": {
          "version": "4.5.9",
          "resolved": "https://registry.npmjs.org/@types/lodash.omit/-/lodash.omit-4.5.9.tgz",
          "integrity": "sha512-zuAVFLUPJMOzsw6yawshsYGgq2hWUHtsZgeXHZmSFhaQQFC6EQ021uDKHkSjOpNhSvtNSU9165/o3o/Q51GpTw==",
          "requires": {
            "@types/lodash": "*"
          }
        }
      }
    },
    "@vonage/verify2": {
      "version": "1.11.0",
      "resolved": "https://registry.npmjs.org/@vonage/verify2/-/verify2-1.11.0.tgz",
      "integrity": "sha512-1iFmtMa746CpuwFB3fYquLVtXKkxqt9XX7cfiPFexyou/+64r3iNUcYJucot5ZAd4BmA92cfCVbZfi/YIDrvow==",
      "requires": {
        "@vonage/server-client": "^1.12.0"
      }
    },
    "@vonage/vetch": {
      "version": "1.7.1",
      "resolved": "https://registry.npmjs.org/@vonage/vetch/-/vetch-1.7.1.tgz",
      "integrity": "sha512-CHEgFgslQHtVBGJMOOu2/36y9p00XH+b2LJgjbS3aybqTq2BdnHkBqRv6Vk1RwT9L53VVd/EcIGI/DfprrLOaA==",
      "requires": {
        "@types/node-fetch": "2.6.11",
        "node-fetch": "^2.7"
      }
    },
    "@vonage/video": {
      "version": "1.16.0",
      "resolved": "https://registry.npmjs.org/@vonage/video/-/video-1.16.0.tgz",
      "integrity": "sha512-kx+jMbp8ndOdXrouhv/V+rqFAMJEkvQPd/jMKR0MrTUV5cZTnBTvYhKnHZ8qTXUI8TNlV6F4NcUu3PFcYLoVLQ==",
      "requires": {
        "@vonage/auth": "^1.10.0",
        "@vonage/jwt": "^1.10.0",
        "@vonage/server-client": "^1.12.0",
        "@vonage/vetch": "^1.7.1"
      }
    },
    "@vonage/voice": {
      "version": "1.12.0",
      "resolved": "https://registry.npmjs.org/@vonage/voice/-/voice-1.12.0.tgz",
      "integrity": "sha512-uNGl7LgrL4GPpdxx+uscsq/BUVM3FhPQVySS1o4GtfQPr1gmbJG28gH4uY/PV+Z+7AX1PrzC3Ba+tcPQy99ZUg==",
      "requires": {
        "@types/debug": "^4.1.9",
        "@vonage/auth": "^1.10.0",
        "@vonage/server-client": "^1.12.0",
        "@vonage/vetch": "^1.7.1",
        "debug": "^4.3.4",
        "ts-xor": "^1.3.0"
      }
    },
    "asynckit": {
      "version": "0.4.0",
      "resolved": "https://registry.npmjs.org/asynckit/-/asynckit-0.4.0.tgz",
      "integrity": "sha512-Oei9OH4tRh0YqU3GxhX79dM/mwVgvbZJaSNaRk+bshkj0S5cfHcgYakreBjrHwatXKbz+IoIdYLxrKim2MjW0Q=="
    },
    "buffer-equal-constant-time": {
      "version": "1.0.1",
      "resolved": "https://registry.npmjs.org/buffer-equal-constant-time/-/buffer-equal-constant-time-1.0.1.tgz",
      "integrity": "sha512-zRpUiDwd/xk6ADqPMATG8vc9VPrkck7T07OIx0gnjmJAnHnTVXNQG3vfvWNuiZIkwu9KrKdA1iJKfsfTVxE6NA=="
    },
    "combined-stream": {
      "version": "1.0.8",
      "resolved": "https://registry.npmjs.org/combined-stream/-/combined-stream-1.0.8.tgz",
      "integrity": "sha512-FQN4MRfuJeHf7cBbBMJFXhKSDq+2kAArBlmRBvcvFE5BB1HZKXtSFASDhdlz9zOYwxh8lDdnvmMOe/+5cdoEdg==",
      "requires": {
        "delayed-stream": "~1.0.0"
      }
    },
    "debug": {
      "version": "4.3.4",
      "resolved": "https://registry.npmjs.org/debug/-/debug-4.3.4.tgz",
      "integrity": "sha512-PRWFHuSU3eDtQJPvnNY7Jcket1j0t5OuOsFzPPzsekD52Zl8qUfFIPEiswXqIvHWGVHOgX+7G/vCNNhehwxfkQ==",
      "requires": {
        "ms": "2.1.2"
      }
    },
    "delayed-stream": {
      "version": "1.0.0",
      "resolved": "https://registry.npmjs.org/delayed-stream/-/delayed-stream-1.0.0.tgz",
      "integrity": "sha512-ZySD7Nf91aLB0RxL4KGrKHBXl7Eds1DAmEdcoVawXnLD7SDhpNgtuII2aAkg7a7QS41jxPSZ17p4VdGnMHk3MQ=="
    },
    "ecdsa-sig-formatter": {
      "version": "1.0.11",
      "resolved": "https://registry.npmjs.org/ecdsa-sig-formatter/-/ecdsa-sig-formatter-1.0.11.tgz",
      "integrity": "sha512-nagl3RYrbNv6kQkeJIpt6NJZy8twLB/2vtz6yN9Z4vRKHN4/QZJIEbqohALSgwKdnksuY3k5Addp5lg8sVoVcQ==",
      "requires": {
        "safe-buffer": "^5.0.1"
      }
    },
    "form-data": {
      "version": "4.0.0",
      "resolved": "https://registry.npmjs.org/form-data/-/form-data-4.0.0.tgz",
      "integrity": "sha512-ETEklSGi5t0QMZuiXoA/Q6vcnxcLQP5vdugSpuAyi6SVGi2clPPp+xgEhuMaHC+zGgn31Kd235W35f7Hykkaww==",
      "requires": {
        "asynckit": "^0.4.0",
        "combined-stream": "^1.0.8",
        "mime-types": "^2.1.12"
      }
    },
    "jsonwebtoken": {
      "version": "9.0.2",
      "resolved": "https://registry.npmjs.org/jsonwebtoken/-/jsonwebtoken-9.0.2.tgz",
      "integrity": "sha512-PRp66vJ865SSqOlgqS8hujT5U4AOgMfhrwYIuIhfKaoSCZcirrmASQr8CX7cUg+RMih+hgznrjp99o+W4pJLHQ==",
      "requires": {
        "jws": "^3.2.2",
        "lodash.includes": "^4.3.0",
        "lodash.isboolean": "^3.0.3",
        "lodash.isinteger": "^4.0.4",
        "lodash.isnumber": "^3.0.3",
        "lodash.isplainobject": "^4.0.6",
        "lodash.isstring": "^4.0.1",
        "lodash.once": "^4.0.0",
        "ms": "^2.1.1",
        "semver": "^7.5.4"
      }
    },
    "jwa": {
      "version": "1.4.1",
      "resolved": "https://registry.npmjs.org/jwa/-/jwa-1.4.1.tgz",
      "integrity": "sha512-qiLX/xhEEFKUAJ6FiBMbes3w9ATzyk5W7Hvzpa/SLYdxNtng+gcurvrI7TbACjIXlsJyr05/S1oUhZrc63evQA==",
      "requires": {
        "buffer-equal-constant-time": "1.0.1",
        "ecdsa-sig-formatter": "1.0.11",
        "safe-buffer": "^5.0.1"
      }
    },
    "jws": {
      "version": "3.2.2",
      "resolved": "https://registry.npmjs.org/jws/-/jws-3.2.2.tgz",
      "integrity": "sha512-YHlZCB6lMTllWDtSPHz/ZXTsi8S00usEV6v1tjq8tOUZzw7DpSDWVXjXDre6ed1w/pd495ODpHZYSdkRTsa0HA==",
      "requires": {
        "jwa": "^1.4.1",
        "safe-buffer": "^5.0.1"
      }
    },
    "lodash.camelcase": {
      "version": "4.3.0",
      "resolved": "https://registry.npmjs.org/lodash.camelcase/-/lodash.camelcase-4.3.0.tgz",
      "integrity": "sha512-TwuEnCnxbc3rAvhf/LbG7tJUDzhqXyFnv3dtzLOPgCG/hODL7WFnsbwktkD7yUV0RrreP/l1PALq/YSg6VvjlA=="
    },
    "lodash.includes": {
      "version": "4.3.0",
      "resolved": "https://registry.npmjs.org/lodash.includes/-/lodash.includes-4.3.0.tgz",
      "integrity": "sha512-W3Bx6mdkRTGtlJISOvVD/lbqjTlPPUDTMnlXZFnVwi9NKJ6tiAk6LVdlhZMm17VZisqhKcgzpO5Wz91PCt5b0w=="
    },
    "lodash.isboolean": {
      "version": "3.0.3",
      "resolved": "https://registry.npmjs.org/lodash.isboolean/-/lodash.isboolean-3.0.3.tgz",
      "integrity": "sha512-Bz5mupy2SVbPHURB98VAcw+aHh4vRV5IPNhILUCsOzRmsTmSQ17jIuqopAentWoehktxGd9e/hbIXq980/1QJg=="
    },
    "lodash.isinteger": {
      "version": "4.0.4",
      "resolved": "https://registry.npmjs.org/lodash.isinteger/-/lodash.isinteger-4.0.4.tgz",
      "integrity": "sha512-DBwtEWN2caHQ9/imiNeEA5ys1JoRtRfY3d7V9wkqtbycnAmTvRRmbHKDV4a0EYc678/dia0jrte4tjYwVBaZUA=="
    },
    "lodash.isnumber": {
      "version": "3.0.3",
      "resolved": "https://registry.npmjs.org/lodash.isnumber/-/lodash.isnumber-3.0.3.tgz",
      "integrity": "sha512-QYqzpfwO3/CWf3XP+Z+tkQsfaLL/EnUlXWVkIk5FUPc4sBdTehEqZONuyRt2P67PXAk+NXmTBcc97zw9t1FQrw=="
    },
    "lodash.isobject": {
      "version": "3.0.2",
      "resolved": "https://registry.npmjs.org/lodash.isobject/-/lodash.isobject-3.0.2.tgz",
      "integrity": "sha512-3/Qptq2vr7WeJbB4KHUSKlq8Pl7ASXi3UG6CMbBm8WRtXi8+GHm7mKaU3urfpSEzWe2wCIChs6/sdocUsTKJiA=="
    },
    "lodash.isplainobject": {
      "version": "4.0.6",
      "resolved": "https://registry.npmjs.org/lodash.isplainobject/-/lodash.isplainobject-4.0.6.tgz",
      "integrity": "sha512-oSXzaWypCMHkPC3NvBEaPHf0KsA5mvPrOPgQWDsbg8n7orZ290M0BmC/jgRZ4vcJ6DTAhjrsSYgdsW/F+MFOBA=="
    },
    "lodash.isstring": {
      "version": "4.0.1",
      "resolved": "https://registry.npmjs.org/lodash.isstring/-/lodash.isstring-4.0.1.tgz",
      "integrity": "sha512-0wJxfxH1wgO3GrbuP+dTTk7op+6L41QCXbGINEmD+ny/G/eCqGzxyCsh7159S+mgDDcoarnBw6PC1PS5+wUGgw=="
    },
    "lodash.kebabcase": {
      "version": "4.1.1",
      "resolved": "https://registry.npmjs.org/lodash.kebabcase/-/lodash.kebabcase-4.1.1.tgz",
      "integrity": "sha512-N8XRTIMMqqDgSy4VLKPnJ/+hpGZN+PHQiJnSenYqPaVV/NCqEogTnAdZLQiGKhxX+JCs8waWq2t1XHWKOmlY8g=="
    },
    "lodash.omit": {
      "version": "4.5.0",
      "resolved": "https://registry.npmjs.org/lodash.omit/-/lodash.omit-4.5.0.tgz",
      "integrity": "sha512-XeqSp49hNGmlkj2EJlfrQFIzQ6lXdNro9sddtQzcJY8QaoC2GO0DT7xaIokHeyM+mIT0mPMlPvkYzg2xCuHdZg=="
    },
    "lodash.once": {
      "version": "4.1.1",
      "resolved": "https://registry.npmjs.org/lodash.once/-/lodash.once-4.1.1.tgz",
      "integrity": "sha512-Sb487aTOCr9drQVL8pIxOzVhafOjZN9UU54hiN8PU3uAiSV7lx1yYNpbNmex2PK6dSJoNTSJUUswT651yww3Mg=="
    },
    "lodash.partial": {
      "version": "4.2.1",
      "resolved": "https://registry.npmjs.org/lodash.partial/-/lodash.partial-4.2.1.tgz",
      "integrity": "sha512-qsiGr0kiA31O7chhmKSUiEGtxXnYtwmaJF00TPAUW79C5PCfaVeLTUN3sLT+rEPcqZooPtiFcGhnphQzFhkqmg=="
    },
    "lodash.snakecase": {
      "version": "4.1.1",
      "resolved": "https://registry.npmjs.org/lodash.snakecase/-/lodash.snakecase-4.1.1.tgz",
      "integrity": "sha512-QZ1d4xoBHYUeuouhEq3lk3Uq7ldgyFXGBhg04+oRLnIz8o9T65Eh+8YdroUwn846zchkA9yDsDl5CVVaV2nqYw=="
    },
    "mime-db": {
      "version": "1.52.0",
      "resolved": "https://registry.npmjs.org/mime-db/-/mime-db-1.52.0.tgz",
      "integrity": "sha512-sPU4uV7dYlvtWJxwwxHD0PuihVNiE7TyAbQ5SWxDCB9mUYvOgroQOwYQQOKPJ8CIbE+1ETVlOoK1UC2nU3gYvg=="
    },
    "mime-types": {
      "version": "2.1.35",
      "resolved": "https://registry.npmjs.org/mime-types/-/mime-types-2.1.35.tgz",
      "integrity": "sha512-ZDY+bPm5zTTF+YpCrAU9nK0UgICYPT0QtT1NZWFv4s++TNkcgVaT0g6+4R2uI4MjQjzysHB1zxuWL50hzaeXiw==",
      "requires": {
        "mime-db": "1.52.0"
      }
    },
    "ms": {
      "version": "2.1.2",
      "resolved": "https://registry.npmjs.org/ms/-/ms-2.1.2.tgz",
      "integrity": "sha512-sGkPx+VjMtmA6MX27oA4FBFELFCZZ4S4XqeGOXCv68tT+jb3vk/RyaKWP0PTKyWtmLSM0b+adUTEvbs1PEaH2w=="
    },
    "node-fetch": {
      "version": "2.7.0",
      "resolved": "https://registry.npmjs.org/node-fetch/-/node-fetch-2.7.0.tgz",
      "integrity": "sha512-c4FRfUm/dbcWZ7U+1Wq0AwCyFL+3nt2bEw05wfxSz+DWpWsitgmSgYmy2dQdWyKC1694ELPqMs/YzUSNozLt8A==",
      "requires": {
        "whatwg-url": "^5.0.0"
      }
    },
    "safe-buffer": {
      "version": "5.2.1",
      "resolved": "https://registry.npmjs.org/safe-buffer/-/safe-buffer-5.2.1.tgz",
      "integrity": "sha512-rp3So07KcdmmKbGvgaNxQSJr7bGVSVk5S9Eq1F+ppbRo70+YeaDxkw5Dd8NPN+GD6bjnYm2VuPuCXmpuYvmCXQ=="
    },
    "semver": {
      "version": "7.6.1",
      "resolved": "https://registry.npmjs.org/semver/-/semver-7.6.1.tgz",
      "integrity": "sha512-f/vbBsu+fOiYt+lmwZV0rVwJScl46HppnOA1ZvIuBWKOTlllpyJ3bfVax76/OrhCH38dyxoDIA8K7uB963IYgA=="
    },
    "tr46": {
      "version": "0.0.3",
      "resolved": "https://registry.npmjs.org/tr46/-/tr46-0.0.3.tgz",
      "integrity": "sha512-N3WMsuqV66lT30CrXNbEjx4GEwlow3v6rr4mCcv6prnfwhS01rkgyFdjPNBYd9br7LpXV1+Emh01fHnq2Gdgrw=="
    },
    "ts-xor": {
      "version": "1.3.0",
      "resolved": "https://registry.npmjs.org/ts-xor/-/ts-xor-1.3.0.tgz",
      "integrity": "sha512-RLXVjliCzc1gfKQFLRpfeD0rrWmjnSTgj7+RFhoq3KRkUYa8LE/TIidYOzM5h+IdFBDSjjSgk9Lto9sdMfDFEA=="
    },
    "undici-types": {
      "version": "5.26.5",
      "resolved": "https://registry.npmjs.org/undici-types/-/undici-types-5.26.5.tgz",
      "integrity": "sha512-JlCMO+ehdEIKqlFxk6IfVoAUVmgz7cU7zD/h9XZ0qzeosSHmUJVOzSQvvYSYWXkFXC+IfLKSIffhv0sVZup6pA=="
    },
    "uuid": {
      "version": "9.0.1",
      "resolved": "https://registry.npmjs.org/uuid/-/uuid-9.0.1.tgz",
      "integrity": "sha512-b+1eJOlsR9K8HJpow9Ok3fiWOWSIcIzXodvv0rQjVoOVNpWMpxf1wZNpt4y9h10odCNrqnYp1OBzRktckBe3sA=="
    },
    "webidl-conversions": {
      "version": "3.0.1",
      "resolved": "https://registry.npmjs.org/webidl-conversions/-/webidl-conversions-3.0.1.tgz",
      "integrity": "sha512-2JAn3z8AR6rjK8Sm8orRC0h/bcl/DqL7tRPdGZ4I1CjdF+EaMLmYxBHyXuKL849eucPFhvBoxMsflfOb8kxaeQ=="
    },
    "whatwg-url": {
      "version": "5.0.0",
      "resolved": "https://registry.npmjs.org/whatwg-url/-/whatwg-url-5.0.0.tgz",
      "integrity": "sha512-saE57nupxk6v3HY35+jzBwYa0rKSy0XR8JSxZPwgLr7ys0IBzhGviA1/TUGJLmSVqs8pb9AnvICXEuOHLprYTw==",
      "requires": {
        "tr46": "~0.0.3",
        "webidl-conversions": "^3.0.0"
      }
    }
  }
}
